// !$*UTF8*$!
{
	archiveVersion = 1;
	classes = {
	};
	objectVersion = 46;
	objects = {

/* Begin PBXBuildFile section */
		187D6B771BB4E32F007190DB /* ScavengerHuntItem.swift in Sources */ = {isa = PBXBuildFile; fileRef = 187D6B761BB4E32F007190DB /* ScavengerHuntItem.swift */; settings = {ASSET_TAGS = (); }; };
		187D6B791BB4F3AD007190DB /* ItemsManager.swift in Sources */ = {isa = PBXBuildFile; fileRef = 187D6B781BB4F3AD007190DB /* ItemsManager.swift */; settings = {ASSET_TAGS = (); }; };
		18E36A951BB4BA6800B23EAB /* AppDelegate.swift in Sources */ = {isa = PBXBuildFile; fileRef = 18E36A941BB4BA6800B23EAB /* AppDelegate.swift */; };
		18E36A971BB4BA6800B23EAB /* AddViewController.swift in Sources */ = {isa = PBXBuildFile; fileRef = 18E36A961BB4BA6800B23EAB /* AddViewController.swift */; };
		18E36A9A1BB4BA6800B23EAB /* Main.storyboard in Resources */ = {isa = PBXBuildFile; fileRef = 18E36A981BB4BA6800B23EAB /* Main.storyboard */; };
		18E36A9C1BB4BA6800B23EAB /* Assets.xcassets in Resources */ = {isa = PBXBuildFile; fileRef = 18E36A9B1BB4BA6800B23EAB /* Assets.xcassets */; };
		18E36A9F1BB4BA6800B23EAB /* LaunchScreen.storyboard in Resources */ = {isa = PBXBuildFile; fileRef = 18E36A9D1BB4BA6800B23EAB /* LaunchScreen.storyboard */; };
		18E36AAA1BB4BA6800B23EAB /* Scavenger_HuntTests.swift in Sources */ = {isa = PBXBuildFile; fileRef = 18E36AA91BB4BA6800B23EAB /* Scavenger_HuntTests.swift */; };
		18E36AB51BB4BA6900B23EAB /* Scavenger_HuntUITests.swift in Sources */ = {isa = PBXBuildFile; fileRef = 18E36AB41BB4BA6900B23EAB /* Scavenger_HuntUITests.swift */; };
		18E36AC31BB4CBB900B23EAB /* ListViewController.swift in Sources */ = {isa = PBXBuildFile; fileRef = 18E36AC21BB4CBB900B23EAB /* ListViewController.swift */; settings = {ASSET_TAGS = (); }; };
/* End PBXBuildFile section */

/* Begin PBXContainerItemProxy section */
		18E36AA61BB4BA6800B23EAB /* PBXContainerItemProxy */ = {
			isa = PBXContainerItemProxy;
			containerPortal = 18E36A891BB4BA6800B23EAB /* Project object */;
			proxyType = 1;
			remoteGlobalIDString = 18E36A901BB4BA6800B23EAB;
			remoteInfo = "Scavenger Hunt";
		};
		18E36AB11BB4BA6900B23EAB /* PBXContainerItemProxy */ = {
			isa = PBXContainerItemProxy;
			containerPortal = 18E36A891BB4BA6800B23EAB /* Project object */;
			proxyType = 1;
			remoteGlobalIDString = 18E36A901BB4BA6800B23EAB;
			remoteInfo = "Scavenger Hunt";
		};
/* End PBXContainerItemProxy section */

/* Begin PBXFileReference section */
		187D6B761BB4E32F007190DB /* ScavengerHuntItem.swift */ = {isa = PBXFileReference; fileEncoding = 4; lastKnownFileType = sourcecode.swift; path = ScavengerHuntItem.swift; sourceTree = "<group>"; };
		187D6B781BB4F3AD007190DB /* ItemsManager.swift */ = {isa = PBXFileReference; fileEncoding = 4; lastKnownFileType = sourcecode.swift; path = ItemsManager.swift; sourceTree = "<group>"; };
		18E36A911BB4BA6800B23EAB /* Scavenger Hunt.app */ = {isa = PBXFileReference; explicitFileType = wrapper.application; includeInIndex = 0; path = "Scavenger Hunt.app"; sourceTree = BUILT_PRODUCTS_DIR; };
		18E36A941BB4BA6800B23EAB /* AppDelegate.swift */ = {isa = PBXFileReference; lastKnownFileType = sourcecode.swift; path = AppDelegate.swift; sourceTree = "<group>"; };
		18E36A961BB4BA6800B23EAB /* AddViewController.swift */ = {isa = PBXFileReference; lastKnownFileType = sourcecode.swift; path = AddViewController.swift; sourceTree = "<group>"; };
		18E36A991BB4BA6800B23EAB /* Base */ = {isa = PBXFileReference; lastKnownFileType = file.storyboard; name = Base; path = Base.lproj/Main.storyboard; sourceTree = "<group>"; };
		18E36A9B1BB4BA6800B23EAB /* Assets.xcassets */ = {isa = PBXFileReference; lastKnownFileType = folder.assetcatalog; path = Assets.xcassets; sourceTree = "<group>"; };
		18E36A9E1BB4BA6800B23EAB /* Base */ = {isa = PBXFileReference; lastKnownFileType = file.storyboard; name = Base; path = Base.lproj/LaunchScreen.storyboard; sourceTree = "<group>"; };
		18E36AA01BB4BA6800B23EAB /* Info.plist */ = {isa = PBXFileReference; lastKnownFileType = text.plist.xml; path = Info.plist; sourceTree = "<group>"; };
		18E36AA51BB4BA6800B23EAB /* Scavenger HuntTests.xctest */ = {isa = PBXFileReference; explicitFileType = wrapper.cfbundle; includeInIndex = 0; path = "Scavenger HuntTests.xctest"; sourceTree = BUILT_PRODUCTS_DIR; };
		18E36AA91BB4BA6800B23EAB /* Scavenger_HuntTests.swift */ = {isa = PBXFileReference; lastKnownFileType = sourcecode.swift; path = Scavenger_HuntTests.swift; sourceTree = "<group>"; };
		18E36AAB1BB4BA6900B23EAB /* Info.plist */ = {isa = PBXFileReference; lastKnownFileType = text.plist.xml; path = Info.plist; sourceTree = "<group>"; };
		18E36AB01BB4BA6900B23EAB /* Scavenger HuntUITests.xctest */ = {isa = PBXFileReference; explicitFileType = wrapper.cfbundle; includeInIndex = 0; path = "Scavenger HuntUITests.xctest"; sourceTree = BUILT_PRODUCTS_DIR; };
		18E36AB41BB4BA6900B23EAB /* Scavenger_HuntUITests.swift */ = {isa = PBXFileReference; lastKnownFileType = sourcecode.swift; path = Scavenger_HuntUITests.swift; sourceTree = "<group>"; };
		18E36AB61BB4BA6900B23EAB /* Info.plist */ = {isa = PBXFileReference; lastKnownFileType = text.plist.xml; path = Info.plist; sourceTree = "<group>"; };
		18E36AC21BB4CBB900B23EAB /* ListViewController.swift */ = {isa = PBXFileReference; fileEncoding = 4; lastKnownFileType = sourcecode.swift; path = ListViewController.swift; sourceTree = "<group>"; };
/* End PBXFileReference section */

/* Begin PBXFrameworksBuildPhase section */
		18E36A8E1BB4BA6800B23EAB /* Frameworks */ = {
			isa = PBXFrameworksBuildPhase;
			buildActionMask = 2147483647;
			files = (
			);
			runOnlyForDeploymentPostprocessing = 0;
		};
		18E36AA21BB4BA6800B23EAB /* Frameworks */ = {
			isa = PBXFrameworksBuildPhase;
			buildActionMask = 2147483647;
			files = (
			);
			runOnlyForDeploymentPostprocessing = 0;
		};
		18E36AAD1BB4BA6900B23EAB /* Frameworks */ = {
			isa = PBXFrameworksBuildPhase;
			buildActionMask = 2147483647;
			files = (
			);
			runOnlyForDeploymentPostprocessing = 0;
		};
/* End PBXFrameworksBuildPhase section */

/* Begin PBXGroup section */
		18E36A881BB4BA6800B23EAB = {
			isa = PBXGroup;
			children = (
				18E36A931BB4BA6800B23EAB /* Scavenger Hunt */,
				18E36AA81BB4BA6800B23EAB /* Scavenger HuntTests */,
				18E36AB31BB4BA6900B23EAB /* Scavenger HuntUITests */,
				18E36A921BB4BA6800B23EAB /* Products */,
			);
			sourceTree = "<group>";
		};
		18E36A921BB4BA6800B23EAB /* Products */ = {
			isa = PBXGroup;
			children = (
				18E36A911BB4BA6800B23EAB /* Scavenger Hunt.app */,
				18E36AA51BB4BA6800B23EAB /* Scavenger HuntTests.xctest */,
				18E36AB01BB4BA6900B23EAB /* Scavenger HuntUITests.xctest */,
			);
			name = Products;
			sourceTree = "<group>";
		};
		18E36A931BB4BA6800B23EAB /* Scavenger Hunt */ = {
			isa = PBXGroup;
			children = (
				18E36A941BB4BA6800B23EAB /* AppDelegate.swift */,
				18E36A961BB4BA6800B23EAB /* AddViewController.swift */,
				18E36A981BB4BA6800B23EAB /* Main.storyboard */,
				187D6B761BB4E32F007190DB /* ScavengerHuntItem.swift */,
				18E36AC21BB4CBB900B23EAB /* ListViewController.swift */,
				18E36A9B1BB4BA6800B23EAB /* Assets.xcassets */,
				18E36A9D1BB4BA6800B23EAB /* LaunchScreen.storyboard */,
				18E36AA01BB4BA6800B23EAB /* Info.plist */,
				187D6B781BB4F3AD007190DB /* ItemsManager.swift */,
			);
			path = "Scavenger Hunt";
			sourceTree = "<group>";
		};
		18E36AA81BB4BA6800B23EAB /* Scavenger HuntTests */ = {
			isa = PBXGroup;
			children = (
				18E36AA91BB4BA6800B23EAB /* Scavenger_HuntTests.swift */,
				18E36AAB1BB4BA6900B23EAB /* Info.plist */,
			);
			path = "Scavenger HuntTests";
			sourceTree = "<group>";
		};
		18E36AB31BB4BA6900B23EAB /* Scavenger HuntUITests */ = {
			isa = PBXGroup;
			children = (
				18E36AB41BB4BA6900B23EAB /* Scavenger_HuntUITests.swift */,
				18E36AB61BB4BA6900B23EAB /* Info.plist */,
			);
			path = "Scavenger HuntUITests";
			sourceTree = "<group>";
		};
/* End PBXGroup section */

/* Begin PBXNativeTarget section */
		18E36A901BB4BA6800B23EAB /* Scavenger Hunt */ = {
			isa = PBXNativeTarget;
			buildConfigurationList = 18E36AB91BB4BA6900B23EAB /* Build configuration list for PBXNativeTarget "Scavenger Hunt" */;
			buildPhases = (
				18E36A8D1BB4BA6800B23EAB /* Sources */,
				18E36A8E1BB4BA6800B23EAB /* Frameworks */,
				18E36A8F1BB4BA6800B23EAB /* Resources */,
			);
			buildRules = (
			);
			dependencies = (
			);
			name = "Scavenger Hunt";
			productName = "Scavenger Hunt";
			productReference = 18E36A911BB4BA6800B23EAB /* Scavenger Hunt.app */;
			productType = "com.apple.product-type.application";
		};
		18E36AA41BB4BA6800B23EAB /* Scavenger HuntTests */ = {
			isa = PBXNativeTarget;
			buildConfigurationList = 18E36ABC1BB4BA6900B23EAB /* Build configuration list for PBXNativeTarget "Scavenger HuntTests" */;
			buildPhases = (
				18E36AA11BB4BA6800B23EAB /* Sources */,
				18E36AA21BB4BA6800B23EAB /* Frameworks */,
				18E36AA31BB4BA6800B23EAB /* Resources */,
			);
			buildRules = (
			);
			dependencies = (
				18E36AA71BB4BA6800B23EAB /* PBXTargetDependency */,
			);
			name = "Scavenger HuntTests";
			productName = "Scavenger HuntTests";
			productReference = 18E36AA51BB4BA6800B23EAB /* Scavenger HuntTests.xctest */;
			productType = "com.apple.product-type.bundle.unit-test";
		};
		18E36AAF1BB4BA6900B23EAB /* Scavenger HuntUITests */ = {
			isa = PBXNativeTarget;
			buildConfigurationList = 18E36ABF1BB4BA6900B23EAB /* Build configuration list for PBXNativeTarget "Scavenger HuntUITests" */;
			buildPhases = (
				18E36AAC1BB4BA6900B23EAB /* Sources */,
				18E36AAD1BB4BA6900B23EAB /* Frameworks */,
				18E36AAE1BB4BA6900B23EAB /* Resources */,
			);
			buildRules = (
			);
			dependencies = (
				18E36AB21BB4BA6900B23EAB /* PBXTargetDependency */,
			);
			name = "Scavenger HuntUITests";
			productName = "Scavenger HuntUITests";
			productReference = 18E36AB01BB4BA6900B23EAB /* Scavenger HuntUITests.xctest */;
			productType = "com.apple.product-type.bundle.ui-testing";
		};
/* End PBXNativeTarget section */

/* Begin PBXProject section */
		18E36A891BB4BA6800B23EAB /* Project object */ = {
			isa = PBXProject;
			attributes = {
				LastUpgradeCheck = 0700;
				ORGANIZATIONNAME = Apple;
				TargetAttributes = {
					18E36A901BB4BA6800B23EAB = {
						CreatedOnToolsVersion = 7.0;
					};
					18E36AA41BB4BA6800B23EAB = {
						CreatedOnToolsVersion = 7.0;
						TestTargetID = 18E36A901BB4BA6800B23EAB;
					};
					18E36AAF1BB4BA6900B23EAB = {
						CreatedOnToolsVersion = 7.0;
						TestTargetID = 18E36A901BB4BA6800B23EAB;
					};
				};
			};
			buildConfigurationList = 18E36A8C1BB4BA6800B23EAB /* Build configuration list for PBXProject "Scavenger Hunt" */;
			compatibilityVersion = "Xcode 3.2";
			developmentRegion = English;
			hasScannedForEncodings = 0;
			knownRegions = (
				en,
				Base,
			);
			mainGroup = 18E36A881BB4BA6800B23EAB;
			productRefGroup = 18E36A921BB4BA6800B23EAB /* Products */;
			projectDirPath = "";
			projectRoot = "";
			targets = (
				18E36A901BB4BA6800B23EAB /* Scavenger Hunt */,
				18E36AA41BB4BA6800B23EAB /* Scavenger HuntTests */,
				18E36AAF1BB4BA6900B23EAB /* Scavenger HuntUITests */,
			);
		};
/* End PBXProject section */

/* Begin PBXResourcesBuildPhase section */
		18E36A8F1BB4BA6800B23EAB /* Resources */ = {
			isa = PBXResourcesBuildPhase;
			buildActionMask = 2147483647;
			files = (
				18E36A9F1BB4BA6800B23EAB /* LaunchScreen.storyboard in Resources */,
				18E36A9C1BB4BA6800B23EAB /* Assets.xcassets in Resources */,
				18E36A9A1BB4BA6800B23EAB /* Main.storyboard in Resources */,
			);
			runOnlyForDeploymentPostprocessing = 0;
		};
		18E36AA31BB4BA6800B23EAB /* Resources */ = {
			isa = PBXResourcesBuildPhase;
			buildActionMask = 2147483647;
			files = (
			);
			runOnlyForDeploymentPostprocessing = 0;
		};
		18E36AAE1BB4BA6900B23EAB /* Resources */ = {
			isa = PBXResourcesBuildPhase;
			buildActionMask = 2147483647;
			files = (
			);
			runOnlyForDeploymentPostprocessing = 0;
		};
/* End PBXResourcesBuildPhase section */

/* Begin PBXSourcesBuildPhase section */
		18E36A8D1BB4BA6800B23EAB /* Sources */ = {
			isa = PBXSourcesBuildPhase;
			buildActionMask = 2147483647;
			files = (
				18E36A971BB4BA6800B23EAB /* AddViewController.swift in Sources */,
				18E36A951BB4BA6800B23EAB /* AppDelegate.swift in Sources */,
				187D6B771BB4E32F007190DB /* ScavengerHuntItem.swift in Sources */,
				18E36AC31BB4CBB900B23EAB /* ListViewController.swift in Sources */,
				187D6B791BB4F3AD007190DB /* ItemsManager.swift in Sources */,
			);
			runOnlyForDeploymentPostprocessing = 0;
		};
		18E36AA11BB4BA6800B23EAB /* Sources */ = {
			isa = PBXSourcesBuildPhase;
			buildActionMask = 2147483647;
			files = (
				18E36AAA1BB4BA6800B23EAB /* Scavenger_HuntTests.swift in Sources */,
			);
			runOnlyForDeploymentPostprocessing = 0;
		};
		18E36AAC1BB4BA6900B23EAB /* Sources */ = {
			isa = PBXSourcesBuildPhase;
			buildActionMask = 2147483647;
			files = (
				18E36AB51BB4BA6900B23EAB /* Scavenger_HuntUITests.swift in Sources */,
			);
			runOnlyForDeploymentPostprocessing = 0;
		};
/* End PBXSourcesBuildPhase section */

/* Begin PBXTargetDependency section */
		18E36AA71BB4BA6800B23EAB /* PBXTargetDependency */ = {
			isa = PBXTargetDependency;
			target = 18E36A901BB4BA6800B23EAB /* Scavenger Hunt */;
			targetProxy = 18E36AA61BB4BA6800B23EAB /* PBXContainerItemProxy */;
		};
		18E36AB21BB4BA6900B23EAB /* PBXTargetDependency */ = {
			isa = PBXTargetDependency;
			target = 18E36A901BB4BA6800B23EAB /* Scavenger Hunt */;
			targetProxy = 18E36AB11BB4BA6900B23EAB /* PBXContainerItemProxy */;
		};
/* End PBXTargetDependency section */

/* Begin PBXVariantGroup section */
		18E36A981BB4BA6800B23EAB /* Main.storyboard */ = {
			isa = PBXVariantGroup;
			children = (
				18E36A991BB4BA6800B23EAB /* Base */,
			);
			name = Main.storyboard;
			sourceTree = "<group>";
		};
		18E36A9D1BB4BA6800B23EAB /* LaunchScreen.storyboard */ = {
			isa = PBXVariantGroup;
			children = (
				18E36A9E1BB4BA6800B23EAB /* Base */,
			);
			name = LaunchScreen.storyboard;
			sourceTree = "<group>";
		};
/* End PBXVariantGroup section */

/* Begin XCBuildConfiguration section */
		18E36AB71BB4BA6900B23EAB /* Debug */ = {
			isa = XCBuildConfiguration;
			buildSettings = {
				ALWAYS_SEARCH_USER_PATHS = NO;
				CLANG_CXX_LANGUAGE_STANDARD = "gnu++0x";
				CLANG_CXX_LIBRARY = "libc++";
				CLANG_ENABLE_MODULES = YES;
				CLANG_ENABLE_OBJC_ARC = YES;
				CLANG_WARN_BOOL_CONVERSION = YES;
				CLANG_WARN_CONSTANT_CONVERSION = YES;
				CLANG_WARN_DIRECT_OBJC_ISA_USAGE = YES_ERROR;
				CLANG_WARN_EMPTY_BODY = YES;
				CLANG_WARN_ENUM_CONVERSION = YES;
				CLANG_WARN_INT_CONVERSION = YES;
				CLANG_WARN_OBJC_ROOT_CLASS = YES_ERROR;
				CLANG_WARN_UNREACHABLE_CODE = YES;
				CLANG_WARN__DUPLICATE_METHOD_MATCH = YES;
				"CODE_SIGN_IDENTITY[sdk=iphoneos*]" = "iPhone Developer";
				COPY_PHASE_STRIP = NO;
				DEBUG_INFORMATION_FORMAT = dwarf;
				ENABLE_STRICT_OBJC_MSGSEND = YES;
				ENABLE_TESTABILITY = YES;
				GCC_C_LANGUAGE_STANDARD = gnu99;
				GCC_DYNAMIC_NO_PIC = NO;
				GCC_NO_COMMON_BLOCKS = YES;
				GCC_OPTIMIZATION_LEVEL = 0;
				GCC_PREPROCESSOR_DEFINITIONS = (
					"DEBUG=1",
					"$(inherited)",
				);
				GCC_WARN_64_TO_32_BIT_CONVERSION = YES;
				GCC_WARN_ABOUT_RETURN_TYPE = YES_ERROR;
				GCC_WARN_UNDECLARED_SELECTOR = YES;
				GCC_WARN_UNINITIALIZED_AUTOS = YES_AGGRESSIVE;
				GCC_WARN_UNUSED_FUNCTION = YES;
				GCC_WARN_UNUSED_VARIABLE = YES;
				IPHONEOS_DEPLOYMENT_TARGET = 9.0;
				MTL_ENABLE_DEBUG_INFO = YES;
				ONLY_ACTIVE_ARCH = YES;
				SDKROOT = iphoneos;
				SWIFT_OPTIMIZATION_LEVEL = "-Onone";
				TARGETED_DEVICE_FAMILY = "1,2";
			};
			name = Debug;
		};
		18E36AB81BB4BA6900B23EAB /* Release */ = {
			isa = XCBuildConfiguration;
			buildSettings = {
				ALWAYS_SEARCH_USER_PATHS = NO;
				CLANG_CXX_LANGUAGE_STANDARD = "gnu++0x";
				CLANG_CXX_LIBRARY = "libc++";
				CLANG_ENABLE_MODULES = YES;
				CLANG_ENABLE_OBJC_ARC = YES;
				CLANG_WARN_BOOL_CONVERSION = YES;
				CLANG_WARN_CONSTANT_CONVERSION = YES;
				CLANG_WARN_DIRECT_OBJC_ISA_USAGE = YES_ERROR;
				CLANG_WARN_EMPTY_BODY = YES;
				CLANG_WARN_ENUM_CONVERSION = YES;
				CLANG_WARN_INT_CONVERSION = YES;
				CLANG_WARN_OBJC_ROOT_CLASS = YES_ERROR;
				CLANG_WARN_UNREACHABLE_CODE = YES;
				CLANG_WARN__DUPLICATE_METHOD_MATCH = YES;
				"CODE_SIGN_IDENTITY[sdk=iphoneos*]" = "iPhone Developer";
				COPY_PHASE_STRIP = NO;
				DEBUG_INFORMATION_FORMAT = "dwarf-with-dsym";
				ENABLE_NS_ASSERTIONS = NO;
				ENABLE_STRICT_OBJC_MSGSEND = YES;
				GCC_C_LANGUAGE_STANDARD = gnu99;
				GCC_NO_COMMON_BLOCKS = YES;
				GCC_WARN_64_TO_32_BIT_CONVERSION = YES;
				GCC_WARN_ABOUT_RETURN_TYPE = YES_ERROR;
				GCC_WARN_UNDECLARED_SELECTOR = YES;
				GCC_WARN_UNINITIALIZED_AUTOS = YES_AGGRESSIVE;
				GCC_WARN_UNUSED_FUNCTION = YES;
				GCC_WARN_UNUSED_VARIABLE = YES;
				IPHONEOS_DEPLOYMENT_TARGET = 9.0;
				MTL_ENABLE_DEBUG_INFO = NO;
				SDKROOT = iphoneos;
				TARGETED_DEVICE_FAMILY = "1,2";
				VALIDATE_PRODUCT = YES;
			};
			name = Release;
		};
		18E36ABA1BB4BA6900B23EAB /* Debug */ = {
			isa = XCBuildConfiguration;
			buildSettings = {
				ASSETCATALOG_COMPILER_APPICON_NAME = AppIcon;
				INFOPLIST_FILE = "Scavenger Hunt/Info.plist";
				LD_RUNPATH_SEARCH_PATHS = "$(inherited) @executable_path/Frameworks";
				PRODUCT_BUNDLE_IDENTIFIER = "org.scioly.Scavenger-Hunt";
				PRODUCT_NAME = "$(TARGET_NAME)";
			};
			name = Debug;
		};
		18E36ABB1BB4BA6900B23EAB /* Release */ = {
			isa = XCBuildConfiguration;
			buildSettings = {
				ASSETCATALOG_COMPILER_APPICON_NAME = AppIcon;
				INFOPLIST_FILE = "Scavenger Hunt/Info.plist";
				LD_RUNPATH_SEARCH_PATHS = "$(inherited) @executable_path/Frameworks";
				PRODUCT_BUNDLE_IDENTIFIER = "org.scioly.Scavenger-Hunt";
				PRODUCT_NAME = "$(TARGET_NAME)";
			};
			name = Release;
		};
		18E36ABD1BB4BA6900B23EAB /* Debug */ = {
			isa = XCBuildConfiguration;
			buildSettings = {
				BUNDLE_LOADER = "$(TEST_HOST)";
				INFOPLIST_FILE = "Scavenger HuntTests/Info.plist";
				LD_RUNPATH_SEARCH_PATHS = "$(inherited) @executable_path/Frameworks @loader_path/Frameworks";
				PRODUCT_BUNDLE_IDENTIFIER = "org.scioly.Scavenger-HuntTests";
				PRODUCT_NAME = "$(TARGET_NAME)";
				TEST_HOST = "$(BUILT_PRODUCTS_DIR)/Scavenger Hunt.app/Scavenger Hunt";
			};
			name = Debug;
		};
		18E36ABE1BB4BA6900B23EAB /* Release */ = {
			isa = XCBuildConfiguration;
			buildSettings = {
				BUNDLE_LOADER = "$(TEST_HOST)";
				INFOPLIST_FILE = "Scavenger HuntTests/Info.plist";
				LD_RUNPATH_SEARCH_PATHS = "$(inherited) @executable_path/Frameworks @loader_path/Frameworks";
				PRODUCT_BUNDLE_IDENTIFIER = "org.scioly.Scavenger-HuntTests";
				PRODUCT_NAME = "$(TARGET_NAME)";
				TEST_HOST = "$(BUILT_PRODUCTS_DIR)/Scavenger Hunt.app/Scavenger Hunt";
			};
			name = Release;
		};
		18E36AC01BB4BA6900B23EAB /* Debug */ = {
			isa = XCBuildConfiguration;
			buildSettings = {
				INFOPLIST_FILE = "Scavenger HuntUITests/Info.plist";
				LD_RUNPATH_SEARCH_PATHS = "$(inherited) @executable_path/Frameworks @loader_path/Frameworks";
				PRODUCT_BUNDLE_IDENTIFIER = "org.scioly.Scavenger-HuntUITests";
				PRODUCT_NAME = "$(TARGET_NAME)";
				TEST_TARGET_NAME = "Scavenger Hunt";
				USES_XCTRUNNER = YES;
			};
			name = Debug;
		};
		18E36AC11BB4BA6900B23EAB /* Release */ = {
			isa = XCBuildConfiguration;
			buildSettings = {
				INFOPLIST_FILE = "Scavenger HuntUITests/Info.plist";
				LD_RUNPATH_SEARCH_PATHS = "$(inherited) @executable_path/Frameworks @loader_path/Frameworks";
				PRODUCT_BUNDLE_IDENTIFIER = "org.scioly.Scavenger-HuntUITests";
				PRODUCT_NAME = "$(TARGET_NAME)";
				TEST_TARGET_NAME = "Scavenger Hunt";
				USES_XCTRUNNER = YES;
			};
			name = Release;
		};
/* End XCBuildConfiguration section */

/* Begin XCConfigurationList section */
		18E36A8C1BB4BA6800B23EAB /* Build configuration list for PBXProject "Scavenger Hunt" */ = {
			isa = XCConfigurationList;
			buildConfigurations = (
				18E36AB71BB4BA6900B23EAB /* Debug */,
				18E36AB81BB4BA6900B23EAB /* Release */,
			);
			defaultConfigurationIsVisible = 0;
			defaultConfigurationName = Release;
		};
		18E36AB91BB4BA6900B23EAB /* Build configuration list for PBXNativeTarget "Scavenger Hunt" */ = {
			isa = XCConfigurationList;
			buildConfigurations = (
				18E36ABA1BB4BA6900B23EAB /* Debug */,
				18E36ABB1BB4BA6900B23EAB /* Release */,
			);
			defaultConfigurationIsVisible = 0;
			defaultConfigurationName = Release;
		};
		18E36ABC1BB4BA6900B23EAB /* Build configuration list for PBXNativeTarget "Scavenger HuntTests" */ = {
			isa = XCConfigurationList;
			buildConfigurations = (
				18E36ABD1BB4BA6900B23EAB /* Debug */,
				18E36ABE1BB4BA6900B23EAB /* Release */,
			);
			defaultConfigurationIsVisible = 0;
			defaultConfigurationName = Release;
		};
		18E36ABF1BB4BA6900B23EAB /* Build configuration list for PBXNativeTarget "Scavenger HuntUITests" */ = {
			isa = XCConfigurationList;
			buildConfigurations = (
				18E36AC01BB4BA6900B23EAB /* Debug */,
				18E36AC11BB4BA6900B23EAB /* Release */,
			);
			defaultConfigurationIsVisible = 0;
			defaultConfigurationName = Release;
		};
/* End XCConfigurationList section */
	};
	rootObject = 18E36A891BB4BA6800B23EAB /* Project object */;
}
